// !$*UTF8*$!
{
	archiveVersion = 1;
	classes = {
	};
	objectVersion = 56;
	objects = {

/* Begin PBXBuildFile section */
		C29EDC322BBB16AB0020CAFD /* MyContactsApp.swift in Sources */ = {isa = PBXBuildFile; fileRef = C29EDC312BBB16AB0020CAFD /* MyContactsApp.swift */; };
		C29EDC362BBB16AC0020CAFD /* Assets.xcassets in Resources */ = {isa = PBXBuildFile; fileRef = C29EDC352BBB16AC0020CAFD /* Assets.xcassets */; };
		C29EDC392BBB16AC0020CAFD /* Preview Assets.xcassets in Resources */ = {isa = PBXBuildFile; fileRef = C29EDC382BBB16AC0020CAFD /* Preview Assets.xcassets */; };
		C29EDC412BBB17060020CAFD /* ContactsView.swift in Sources */ = {isa = PBXBuildFile; fileRef = C29EDC402BBB17060020CAFD /* ContactsView.swift */; };
		C29EDC452BBB17DB0020CAFD /* String+Extensions.swift in Sources */ = {isa = PBXBuildFile; fileRef = C29EDC442BBB17DB0020CAFD /* String+Extensions.swift */; };
		C29EDC472BBB1B1C0020CAFD /* IndicatorView.swift in Sources */ = {isa = PBXBuildFile; fileRef = C29EDC462BBB1B1C0020CAFD /* IndicatorView.swift */; };
		C29EDC492BBB1BAD0020CAFD /* ScrollIndicatorView.swift in Sources */ = {isa = PBXBuildFile; fileRef = C29EDC482BBB1BAD0020CAFD /* ScrollIndicatorView.swift */; };
/* End PBXBuildFile section */

/* Begin PBXFileReference section */
		C29EDC2E2BBB16AB0020CAFD /* My Contacts.app */ = {isa = PBXFileReference; explicitFileType = wrapper.application; includeInIndex = 0; path = "My Contacts.app"; sourceTree = BUILT_PRODUCTS_DIR; };
		C29EDC312BBB16AB0020CAFD /* MyContactsApp.swift */ = {isa = PBXFileReference; lastKnownFileType = sourcecode.swift; path = MyContactsApp.swift; sourceTree = "<group>"; };
		C29EDC352BBB16AC0020CAFD /* Assets.xcassets */ = {isa = PBXFileReference; lastKnownFileType = folder.assetcatalog; path = Assets.xcassets; sourceTree = "<group>"; };
		C29EDC382BBB16AC0020CAFD /* Preview Assets.xcassets */ = {isa = PBXFileReference; lastKnownFileType = folder.assetcatalog; path = "Preview Assets.xcassets"; sourceTree = "<group>"; };
		C29EDC402BBB17060020CAFD /* ContactsView.swift */ = {isa = PBXFileReference; lastKnownFileType = sourcecode.swift; path = ContactsView.swift; sourceTree = "<group>"; };
		C29EDC442BBB17DB0020CAFD /* String+Extensions.swift */ = {isa = PBXFileReference; lastKnownFileType = sourcecode.swift; path = "String+Extensions.swift"; sourceTree = "<group>"; };
		C29EDC462BBB1B1C0020CAFD /* IndicatorView.swift */ = {isa = PBXFileReference; lastKnownFileType = sourcecode.swift; path = IndicatorView.swift; sourceTree = "<group>"; };
		C29EDC482BBB1BAD0020CAFD /* ScrollIndicatorView.swift */ = {isa = PBXFileReference; lastKnownFileType = sourcecode.swift; path = ScrollIndicatorView.swift; sourceTree = "<group>"; };
/* End PBXFileReference section */

/* Begin PBXFrameworksBuildPhase section */
		C29EDC2B2BBB16AB0020CAFD /* Frameworks */ = {
			isa = PBXFrameworksBuildPhase;
			buildActionMask = 2147483647;
			files = (
			);
			runOnlyForDeploymentPostprocessing = 0;
		};
/* End PBXFrameworksBuildPhase section */

/* Begin PBXGroup section */
		C29EDC252BBB16AB0020CAFD = {
			isa = PBXGroup;
			children = (
				C29EDC302BBB16AB0020CAFD /* My Contacts */,
				C29EDC2F2BBB16AB0020CAFD /* Products */,
			);
			sourceTree = "<group>";
		};
		C29EDC2F2BBB16AB0020CAFD /* Products */ = {
			isa = PBXGroup;
			children = (
				C29EDC2E2BBB16AB0020CAFD /* My Contacts.app */,
			);
			name = Products;
			sourceTree = "<group>";
		};
		C29EDC302BBB16AB0020CAFD /* My Contacts */ = {
			isa = PBXGroup;
			children = (
				C29EDC432BBB17C30020CAFD /* Extensions */,
				C29EDC3F2BBB16F80020CAFD /* Contacts */,
				C29EDC312BBB16AB0020CAFD /* MyContactsApp.swift */,
				C29EDC352BBB16AC0020CAFD /* Assets.xcassets */,
				C29EDC372BBB16AC0020CAFD /* Preview Content */,
			);
			path = "My Contacts";
			sourceTree = "<group>";
		};
		C29EDC372BBB16AC0020CAFD /* Preview Content */ = {
			isa = PBXGroup;
			children = (
				C29EDC382BBB16AC0020CAFD /* Preview Assets.xcassets */,
			);
			path = "Preview Content";
			sourceTree = "<group>";
		};
		C29EDC3F2BBB16F80020CAFD /* Contacts */ = {
			isa = PBXGroup;
			children = (
				C29EDC402BBB17060020CAFD /* ContactsView.swift */,
				C29EDC462BBB1B1C0020CAFD /* IndicatorView.swift */,
				C29EDC482BBB1BAD0020CAFD /* ScrollIndicatorView.swift */,
			);
			path = Contacts;
			sourceTree = "<group>";
		};
		C29EDC432BBB17C30020CAFD /* Extensions */ = {
			isa = PBXGroup;
			children = (
				C29EDC442BBB17DB0020CAFD /* String+Extensions.swift */,
			);
			path = Extensions;
			sourceTree = "<group>";
		};
/* End PBXGroup section */

/* Begin PBXNativeTarget section */
		C29EDC2D2BBB16AB0020CAFD /* My Contacts */ = {
			isa = PBXNativeTarget;
			buildConfigurationList = C29EDC3C2BBB16AC0020CAFD /* Build configuration list for PBXNativeTarget "My Contacts" */;
			buildPhases = (
				C29EDC2A2BBB16AB0020CAFD /* Sources */,
				C29EDC2B2BBB16AB0020CAFD /* Frameworks */,
				C29EDC2C2BBB16AB0020CAFD /* Resources */,
			);
			buildRules = (
			);
			dependencies = (
			);
			name = "My Contacts";
			productName = "My Contacts";
			productReference = C29EDC2E2BBB16AB0020CAFD /* My Contacts.app */;
			productType = "com.apple.product-type.application";
		};
/* End PBXNativeTarget section */

/* Begin PBXProject section */
		C29EDC262BBB16AB0020CAFD /* Project object */ = {
			isa = PBXProject;
			attributes = {
				BuildIndependentTargetsInParallel = 1;
				LastSwiftUpdateCheck = 1530;
				LastUpgradeCheck = 1530;
				TargetAttributes = {
					C29EDC2D2BBB16AB0020CAFD = {
						CreatedOnToolsVersion = 15.3;
					};
				};
			};
			buildConfigurationList = C29EDC292BBB16AB0020CAFD /* Build configuration list for PBXProject "My Contacts" */;
			compatibilityVersion = "Xcode 14.0";
			developmentRegion = en;
			hasScannedForEncodings = 0;
			knownRegions = (
				en,
				Base,
			);
			mainGroup = C29EDC252BBB16AB0020CAFD;
			productRefGroup = C29EDC2F2BBB16AB0020CAFD /* Products */;
			projectDirPath = "";
			projectRoot = "";
			targets = (
				C29EDC2D2BBB16AB0020CAFD /* My Contacts */,
			);
		};
/* End PBXProject section */

/* Begin PBXResourcesBuildPhase section */
		C29EDC2C2BBB16AB0020CAFD /* Resources */ = {
			isa = PBXResourcesBuildPhase;
			buildActionMask = 2147483647;
			files = (
				C29EDC392BBB16AC0020CAFD /* Preview Assets.xcassets in Resources */,
				C29EDC362BBB16AC0020CAFD /* Assets.xcassets in Resources */,
			);
			runOnlyForDeploymentPostprocessing = 0;
		};
/* End PBXResourcesBuildPhase section */

/* Begin PBXSourcesBuildPhase section */
		C29EDC2A2BBB16AB0020CAFD /* Sources */ = {
			isa = PBXSourcesBuildPhase;
			buildActionMask = 2147483647;
			files = (
				C29EDC452BBB17DB0020CAFD /* String+Extensions.swift in Sources */,
				C29EDC492BBB1BAD0020CAFD /* ScrollIndicatorView.swift in Sources */,
				C29EDC412BBB17060020CAFD /* ContactsView.swift in Sources */,
				C29EDC472BBB1B1C0020CAFD /* IndicatorView.swift in Sources */,
				C29EDC322BBB16AB0020CAFD /* MyContactsApp.swift in Sources */,
			);
			runOnlyForDeploymentPostprocessing = 0;
		};
/* End PBXSourcesBuildPhase section */

/* Begin XCBuildConfiguration section */
		C29EDC3A2BBB16AC0020CAFD /* Debug */ = {
			isa = XCBuildConfiguration;
			buildSettings = {
				ALWAYS_SEARCH_USER_PATHS = NO;
				ASSETCATALOG_COMPILER_GENERATE_SWIFT_ASSET_SYMBOL_EXTENSIONS = YES;
				CLANG_ANALYZER_NONNULL = YES;
				CLANG_ANALYZER_NUMBER_OBJECT_CONVERSION = YES_AGGRESSIVE;
				CLANG_CXX_LANGUAGE_STANDARD = "gnu++20";
				CLANG_ENABLE_MODULES = YES;
				CLANG_ENABLE_OBJC_ARC = YES;
				CLANG_ENABLE_OBJC_WEAK = YES;
				CLANG_WARN_BLOCK_CAPTURE_AUTORELEASING = YES;
				CLANG_WARN_BOOL_CONVERSION = YES;
				CLANG_WARN_COMMA = YES;
				CLANG_WARN_CONSTANT_CONVERSION = YES;
				CLANG_WARN_DEPRECATED_OBJC_IMPLEMENTATIONS = YES;
				CLANG_WARN_DIRECT_OBJC_ISA_USAGE = YES_ERROR;
				CLANG_WARN_DOCUMENTATION_COMMENTS = YES;
				CLANG_WARN_EMPTY_BODY = YES;
				CLANG_WARN_ENUM_CONVERSION = YES;
				CLANG_WARN_INFINITE_RECURSION = YES;
				CLANG_WARN_INT_CONVERSION = YES;
				CLANG_WARN_NON_LITERAL_NULL_CONVERSION = YES;
				CLANG_WARN_OBJC_IMPLICIT_RETAIN_SELF = YES;
				CLANG_WARN_OBJC_LITERAL_CONVERSION = YES;
				CLANG_WARN_OBJC_ROOT_CLASS = YES_ERROR;
				CLANG_WARN_QUOTED_INCLUDE_IN_FRAMEWORK_HEADER = YES;
				CLANG_WARN_RANGE_LOOP_ANALYSIS = YES;
				CLANG_WARN_STRICT_PROTOTYPES = YES;
				CLANG_WARN_SUSPICIOUS_MOVE = YES;
				CLANG_WARN_UNGUARDED_AVAILABILITY = YES_AGGRESSIVE;
				CLANG_WARN_UNREACHABLE_CODE = YES;
				CLANG_WARN__DUPLICATE_METHOD_MATCH = YES;
				COPY_PHASE_STRIP = NO;
				DEBUG_INFORMATION_FORMAT = dwarf;
				ENABLE_STRICT_OBJC_MSGSEND = YES;
				ENABLE_TESTABILITY = YES;
				ENABLE_USER_SCRIPT_SANDBOXING = YES;
				GCC_C_LANGUAGE_STANDARD = gnu17;
				GCC_DYNAMIC_NO_PIC = NO;
				GCC_NO_COMMON_BLOCKS = YES;
				GCC_OPTIMIZATION_LEVEL = 0;
				GCC_PREPROCESSOR_DEFINITIONS = (
					"DEBUG=1",
					"$(inherited)",
				);
				GCC_WARN_64_TO_32_BIT_CONVERSION = YES;
				GCC_WARN_ABOUT_RETURN_TYPE = YES_ERROR;
				GCC_WARN_UNDECLARED_SELECTOR = YES;
				GCC_WARN_UNINITIALIZED_AUTOS = YES_AGGRESSIVE;
				GCC_WARN_UNUSED_FUNCTION = YES;
				GCC_WARN_UNUSED_VARIABLE = YES;
				IPHONEOS_DEPLOYMENT_TARGET = 17.4;
				LOCALIZATION_PREFERS_STRING_CATALOGS = YES;
				MTL_ENABLE_DEBUG_INFO = INCLUDE_SOURCE;
				MTL_FAST_MATH = YES;
				ONLY_ACTIVE_ARCH = YES;
				SDKROOT = iphoneos;
				SWIFT_ACTIVE_COMPILATION_CONDITIONS = "DEBUG $(inherited)";
				SWIFT_OPTIMIZATION_LEVEL = "-Onone";
			};
			name = Debug;
		};
		C29EDC3B2BBB16AC0020CAFD /* Release */ = {
			isa = XCBuildConfiguration;
			buildSettings = {
				ALWAYS_SEARCH_USER_PATHS = NO;
				ASSETCATALOG_COMPILER_GENERATE_SWIFT_ASSET_SYMBOL_EXTENSIONS = YES;
				CLANG_ANALYZER_NONNULL = YES;
				CLANG_ANALYZER_NUMBER_OBJECT_CONVERSION = YES_AGGRESSIVE;
				CLANG_CXX_LANGUAGE_STANDARD = "gnu++20";
				CLANG_ENABLE_MODULES = YES;
				CLANG_ENABLE_OBJC_ARC = YES;
				CLANG_ENABLE_OBJC_WEAK = YES;
				CLANG_WARN_BLOCK_CAPTURE_AUTORELEASING = YES;
				CLANG_WARN_BOOL_CONVERSION = YES;
				CLANG_WARN_COMMA = YES;
				CLANG_WARN_CONSTANT_CONVERSION = YES;
				CLANG_WARN_DEPRECATED_OBJC_IMPLEMENTATIONS = YES;
				CLANG_WARN_DIRECT_OBJC_ISA_USAGE = YES_ERROR;
				CLANG_WARN_DOCUMENTATION_COMMENTS = YES;
				CLANG_WARN_EMPTY_BODY = YES;
				CLANG_WARN_ENUM_CONVERSION = YES;
				CLANG_WARN_INFINITE_RECURSION = YES;
				CLANG_WARN_INT_CONVERSION = YES;
				CLANG_WARN_NON_LITERAL_NULL_CONVERSION = YES;
				CLANG_WARN_OBJC_IMPLICIT_RETAIN_SELF = YES;
				CLANG_WARN_OBJC_LITERAL_CONVERSION = YES;
				CLANG_WARN_OBJC_ROOT_CLASS = YES_ERROR;
				CLANG_WARN_QUOTED_INCLUDE_IN_FRAMEWORK_HEADER = YES;
				CLANG_WARN_RANGE_LOOP_ANALYSIS = YES;
				CLANG_WARN_STRICT_PROTOTYPES = YES;
				CLANG_WARN_SUSPICIOUS_MOVE = YES;
				CLANG_WARN_UNGUARDED_AVAILABILITY = YES_AGGRESSIVE;
				CLANG_WARN_UNREACHABLE_CODE = YES;
				CLANG_WARN__DUPLICATE_METHOD_MATCH = YES;
				COPY_PHASE_STRIP = NO;
				DEBUG_INFORMATION_FORMAT = "dwarf-with-dsym";
				ENABLE_NS_ASSERTIONS = NO;
				ENABLE_STRICT_OBJC_MSGSEND = YES;
				ENABLE_USER_SCRIPT_SANDBOXING = YES;
				GCC_C_LANGUAGE_STANDARD = gnu17;
				GCC_NO_COMMON_BLOCKS = YES;
				GCC_WARN_64_TO_32_BIT_CONVERSION = YES;
				GCC_WARN_ABOUT_RETURN_TYPE = YES_ERROR;
				GCC_WARN_UNDECLARED_SELECTOR = YES;
				GCC_WARN_UNINITIALIZED_AUTOS = YES_AGGRESSIVE;
				GCC_WARN_UNUSED_FUNCTION = YES;
				GCC_WARN_UNUSED_VARIABLE = YES;
				IPHONEOS_DEPLOYMENT_TARGET = 17.4;
				LOCALIZATION_PREFERS_STRING_CATALOGS = YES;
				MTL_ENABLE_DEBUG_INFO = NO;
				MTL_FAST_MATH = YES;
				SDKROOT = iphoneos;
				SWIFT_COMPILATION_MODE = wholemodule;
				VALIDATE_PRODUCT = YES;
			};
			name = Release;
		};
		C29EDC3D2BBB16AC0020CAFD /* Debug */ = {
			isa = XCBuildConfiguration;
			buildSettings = {
				ASSETCATALOG_COMPILER_APPICON_NAME = AppIcon;
				ASSETCATALOG_COMPILER_GLOBAL_ACCENT_COLOR_NAME = AccentColor;
				CODE_SIGN_STYLE = Automatic;
				CURRENT_PROJECT_VERSION = 1;
				DEVELOPMENT_ASSET_PATHS = "\"My Contacts/Preview Content\"";
				DEVELOPMENT_TEAM = Q6L3FPZKQQ;
				ENABLE_PREVIEWS = YES;
				GENERATE_INFOPLIST_FILE = YES;
				INFOPLIST_KEY_UIApplicationSceneManifest_Generation = YES;
				INFOPLIST_KEY_UIApplicationSupportsIndirectInputEvents = YES;
				INFOPLIST_KEY_UILaunchScreen_Generation = YES;
				INFOPLIST_KEY_UISupportedInterfaceOrientations_iPad = "UIInterfaceOrientationPortrait UIInterfaceOrientationPortraitUpsideDown UIInterfaceOrientationLandscapeLeft UIInterfaceOrientationLandscapeRight";
				INFOPLIST_KEY_UISupportedInterfaceOrientations_iPhone = "UIInterfaceOrientationPortrait UIInterfaceOrientationLandscapeLeft UIInterfaceOrientationLandscapeRight";
				LD_RUNPATH_SEARCH_PATHS = (
					"$(inherited)",
					"@executable_path/Frameworks",
				);
				MARKETING_VERSION = 1.0;
				PRODUCT_BUNDLE_IDENTIFIER = "saeid.My-Contacts";
				PRODUCT_NAME = "$(TARGET_NAME)";
				SWIFT_EMIT_LOC_STRINGS = YES;
				SWIFT_VERSION = 5.0;
				TARGETED_DEVICE_FAMILY = "1,2";
			};
			name = Debug;
		};
		C29EDC3E2BBB16AC0020CAFD /* Release */ = {
			isa = XCBuildConfiguration;
			buildSettings = {
				ASSETCATALOG_COMPILER_APPICON_NAME = AppIcon;
				ASSETCATALOG_COMPILER_GLOBAL_ACCENT_COLOR_NAME = AccentColor;
				CODE_SIGN_STYLE = Automatic;
				CURRENT_PROJECT_VERSION = 1;
				DEVELOPMENT_ASSET_PATHS = "\"My Contacts/Preview Content\"";
				DEVELOPMENT_TEAM = Q6L3FPZKQQ;
				ENABLE_PREVIEWS = YES;
				GENERATE_INFOPLIST_FILE = YES;
				INFOPLIST_KEY_UIApplicationSceneManifest_Generation = YES;
				INFOPLIST_KEY_UIApplicationSupportsIndirectInputEvents = YES;
				INFOPLIST_KEY_UILaunchScreen_Generation = YES;
				INFOPLIST_KEY_UISupportedInterfaceOrientations_iPad = "UIInterfaceOrientationPortrait UIInterfaceOrientationPortraitUpsideDown UIInterfaceOrientationLandscapeLeft UIInterfaceOrientationLandscapeRight";
				INFOPLIST_KEY_UISupportedInterfaceOrientations_iPhone = "UIInterfaceOrientationPortrait UIInterfaceOrientationLandscapeLeft UIInterfaceOrientationLandscapeRight";
				LD_RUNPATH_SEARCH_PATHS = (
					"$(inherited)",
					"@executable_path/Frameworks",
				);
				MARKETING_VERSION = 1.0;
				PRODUCT_BUNDLE_IDENTIFIER = "saeid.My-Contacts";
				PRODUCT_NAME = "$(TARGET_NAME)";
				SWIFT_EMIT_LOC_STRINGS = YES;
				SWIFT_VERSION = 5.0;
				TARGETED_DEVICE_FAMILY = "1,2";
			};
			name = Release;
		};
/* End XCBuildConfiguration section */

/* Begin XCConfigurationList section */
		C29EDC292BBB16AB0020CAFD /* Build configuration list for PBXProject "My Contacts" */ = {
			isa = XCConfigurationList;
			buildConfigurations = (
				C29EDC3A2BBB16AC0020CAFD /* Debug */,
				C29EDC3B2BBB16AC0020CAFD /* Release */,
			);
			defaultConfigurationIsVisible = 0;
			defaultConfigurationName = Release;
		};
		C29EDC3C2BBB16AC0020CAFD /* Build configuration list for PBXNativeTarget "My Contacts" */ = {
			isa = XCConfigurationList;
			buildConfigurations = (
				C29EDC3D2BBB16AC0020CAFD /* Debug */,
				C29EDC3E2BBB16AC0020CAFD /* Release */,
			);
			defaultConfigurationIsVisible = 0;
			defaultConfigurationName = Release;
		};
/* End XCConfigurationList section */
	};
	rootObject = C29EDC262BBB16AB0020CAFD /* Project object */;
}
